
Microsoft Visual Studio Solution File, Format Version 12.00
# Visual Studio Version 16
VisualStudioVersion = 16.0.28606.126
MinimumVisualStudioVersion = 10.0.40219.1
Project("{9A19103F-16F7-4668-BE54-9A1E7A4F7556}") = "PostsCommentsApi", "PostsCommentsApi\PostsCommentsApi.csproj", "{877E63B4-1D11-49E9-8851-E90B01BC4978}"
EndProject
Project("{9A19103F-16F7-4668-BE54-9A1E7A4F7556}") = "DataLayer", "DataLayer\DataLayer.csproj", "{A432B1D3-F8F2-490A-98C6-C4531A01DE42}"
EndProject
Project("{9A19103F-16F7-4668-BE54-9A1E7A4F7556}") = "BusinessLayer", "BusinessLayer\BusinessLayer.csproj", "{22D68A3A-8ABD-4F28-B5F7-54B508EB551E}"
EndProject
Global
	GlobalSection(SolutionConfigurationPlatforms) = preSolution
		Debug|Any CPU = Debug|Any CPU
		Release|Any CPU = Release|Any CPU
	EndGlobalSection
	GlobalSection(ProjectConfigurationPlatforms) = postSolution
		{877E63B4-1D11-49E9-8851-E90B01BC4978}.Debug|Any CPU.ActiveCfg = Debug|Any CPU
		{877E63B4-1D11-49E9-8851-E90B01BC4978}.Debug|Any CPU.Build.0 = Debug|Any CPU
		{877E63B4-1D11-49E9-8851-E90B01BC4978}.Release|Any CPU.ActiveCfg = Release|Any CPU
		{877E63B4-1D11-49E9-8851-E90B01BC4978}.Release|Any CPU.Build.0 = Release|Any CPU
		{A432B1D3-F8F2-490A-98C6-C4531A01DE42}.Debug|Any CPU.ActiveCfg = Debug|Any CPU
		{A432B1D3-F8F2-490A-98C6-C4531A01DE42}.Debug|Any CPU.Build.0 = Debug|Any CPU
		{A432B1D3-F8F2-490A-98C6-C4531A01DE42}.Release|Any CPU.ActiveCfg = Release|Any CPU
		{A432B1D3-F8F2-490A-98C6-C4531A01DE42}.Release|Any CPU.Build.0 = Release|Any CPU
		{22D68A3A-8ABD-4F28-B5F7-54B508EB551E}.Debug|Any CPU.ActiveCfg = Debug|Any CPU
		{22D68A3A-8ABD-4F28-B5F7-54B508EB551E}.Debug|Any CPU.Build.0 = Debug|Any CPU
		{22D68A3A-8ABD-4F28-B5F7-54B508EB551E}.Release|Any CPU.ActiveCfg = Release|Any CPU
		{22D68A3A-8ABD-4F28-B5F7-54B508EB551E}.Release|Any CPU.Build.0 = Release|Any CPU
	EndGlobalSection
	GlobalSection(SolutionProperties) = preSolution
		HideSolutionNode = FALSE
	EndGlobalSection
	GlobalSection(ExtensibilityGlobals) = postSolution
		SolutionGuid = {94F4FA3D-816D-4101-915D-8DCD0C129BDE}
	EndGlobalSection
EndGlobal
